
Microsoft Visual Studio Solution File, Format Version 12.00
# Visual Studio Version 17
VisualStudioVersion = 17.14.36429.23 d17.14
MinimumVisualStudioVersion = 10.0.40219.1
Project("{FAE04EC0-301F-11D3-BF4B-00C04F79EFBC}") = "TestJWT", "TestJWT\TestJWT.csproj", "{D6067C75-DC8E-42B6-86BC-393247CD0693}"
EndProject
Global
	GlobalSection(SolutionConfigurationPlatforms) = preSolution
		Debug|Any CPU = Debug|Any CPU
		Release|Any CPU = Release|Any CPU
	EndGlobalSection
	GlobalSection(ProjectConfigurationPlatforms) = postSolution
		{D6067C75-DC8E-42B6-86BC-393247CD0693}.Debug|Any CPU.ActiveCfg = Debug|Any CPU
		{D6067C75-DC8E-42B6-86BC-393247CD0693}.Debug|Any CPU.Build.0 = Debug|Any CPU
		{D6067C75-DC8E-42B6-86BC-393247CD0693}.Release|Any CPU.ActiveCfg = Release|Any CPU
		{D6067C75-DC8E-42B6-86BC-393247CD0693}.Release|Any CPU.Build.0 = Release|Any CPU
	EndGlobalSection
	GlobalSection(SolutionProperties) = preSolution
		HideSolutionNode = FALSE
	EndGlobalSection
	GlobalSection(ExtensibilityGlobals) = postSolution
		SolutionGuid = {7F0D1298-08CE-469A-9D5C-CBCF31D2D679}
	EndGlobalSection
EndGlobal
